
Microsoft Visual Studio Solution File, Format Version 12.00
# Visual Studio Version 17
VisualStudioVersion = 17.5.33502.453
MinimumVisualStudioVersion = 10.0.40219.1
Project("{FAE04EC0-301F-11D3-BF4B-00C04F79EFBC}") = "Voronoi_firs", "Voronoi_firs.csproj", "{75DEB2A2-8713-49E9-B0AF-3779DF044F0A}"
EndProject
Global
	GlobalSection(SolutionConfigurationPlatforms) = preSolution
		Debug|Any CPU = Debug|Any CPU
		Release|Any CPU = Release|Any CPU
	EndGlobalSection
	GlobalSection(ProjectConfigurationPlatforms) = postSolution
		{75DEB2A2-8713-49E9-B0AF-3779DF044F0A}.Debug|Any CPU.ActiveCfg = Debug|Any CPU
		{75DEB2A2-8713-49E9-B0AF-3779DF044F0A}.Debug|Any CPU.Build.0 = Debug|Any CPU
		{75DEB2A2-8713-49E9-B0AF-3779DF044F0A}.Release|Any CPU.ActiveCfg = Release|Any CPU
		{75DEB2A2-8713-49E9-B0AF-3779DF044F0A}.Release|Any CPU.Build.0 = Release|Any CPU
	EndGlobalSection
	GlobalSection(SolutionProperties) = preSolution
		HideSolutionNode = FALSE
	EndGlobalSection
	GlobalSection(ExtensibilityGlobals) = postSolution
		SolutionGuid = {A20A0A28-7903-4F17-B414-9AA6F01F7FBB}
	EndGlobalSection
EndGlobal
